
Microsoft Visual Studio Solution File, Format Version 12.00
# Visual Studio 2012
Project("{FAE04EC0-301F-11D3-BF4B-00C04F79EFBC}") = "OrgPlay", "OrgPlay\OrgPlay.csproj", "{EBD13044-54DE-4BA1-B58A-91B1B9EFCE6D}"
EndProject
Project("{FAE04EC0-301F-11D3-BF4B-00C04F79EFBC}") = "FNA", "FNA\FNA.csproj", "{35253CE1-C864-4CD3-8249-4D1319748E8F}"
EndProject
Global
	GlobalSection(SolutionConfigurationPlatforms) = preSolution
		Debug|x86 = Debug|x86
		Release|x86 = Release|x86
	EndGlobalSection
	GlobalSection(ProjectConfigurationPlatforms) = postSolution
		{35253CE1-C864-4CD3-8249-4D1319748E8F}.Debug|x86.ActiveCfg = Debug|x86
		{35253CE1-C864-4CD3-8249-4D1319748E8F}.Debug|x86.Build.0 = Debug|x86
		{35253CE1-C864-4CD3-8249-4D1319748E8F}.Release|x86.ActiveCfg = Release|x86
		{35253CE1-C864-4CD3-8249-4D1319748E8F}.Release|x86.Build.0 = Release|x86
		{EBD13044-54DE-4BA1-B58A-91B1B9EFCE6D}.Debug|x86.ActiveCfg = Debug|x86
		{EBD13044-54DE-4BA1-B58A-91B1B9EFCE6D}.Debug|x86.Build.0 = Debug|x86
		{EBD13044-54DE-4BA1-B58A-91B1B9EFCE6D}.Release|x86.ActiveCfg = Release|x86
		{EBD13044-54DE-4BA1-B58A-91B1B9EFCE6D}.Release|x86.Build.0 = Release|x86
	EndGlobalSection
EndGlobal
